
Microsoft Visual Studio Solution File, Format Version 12.00
# Visual Studio 15
VisualStudioVersion = 15.0.27004.2005
MinimumVisualStudioVersion = 10.0.40219.1
Project("{FAE04EC0-301F-11D3-BF4B-00C04F79EFBC}") = "OWApi", "OWApi\OWApi.csproj", "{A41915EB-5218-498A-834B-A59C156BF857}"
EndProject
Project("{FAE04EC0-301F-11D3-BF4B-00C04F79EFBC}") = "OWApi.Tests", "OWApi.Tests\OWApi.Tests.csproj", "{A2916142-C3ED-4A88-9016-947591D9E48B}"
EndProject
Global
	GlobalSection(SolutionConfigurationPlatforms) = preSolution
		Debug|Any CPU = Debug|Any CPU
		Release|Any CPU = Release|Any CPU
	EndGlobalSection
	GlobalSection(ProjectConfigurationPlatforms) = postSolution
		{A41915EB-5218-498A-834B-A59C156BF857}.Debug|Any CPU.ActiveCfg = Debug|Any CPU
		{A41915EB-5218-498A-834B-A59C156BF857}.Debug|Any CPU.Build.0 = Debug|Any CPU
		{A41915EB-5218-498A-834B-A59C156BF857}.Release|Any CPU.ActiveCfg = Release|Any CPU
		{A41915EB-5218-498A-834B-A59C156BF857}.Release|Any CPU.Build.0 = Release|Any CPU
		{A2916142-C3ED-4A88-9016-947591D9E48B}.Debug|Any CPU.ActiveCfg = Debug|Any CPU
		{A2916142-C3ED-4A88-9016-947591D9E48B}.Debug|Any CPU.Build.0 = Debug|Any CPU
		{A2916142-C3ED-4A88-9016-947591D9E48B}.Release|Any CPU.ActiveCfg = Release|Any CPU
		{A2916142-C3ED-4A88-9016-947591D9E48B}.Release|Any CPU.Build.0 = Release|Any CPU
	EndGlobalSection
	GlobalSection(SolutionProperties) = preSolution
		HideSolutionNode = FALSE
	EndGlobalSection
	GlobalSection(ExtensibilityGlobals) = postSolution
		SolutionGuid = {A5B761EE-C854-43A5-BFE3-41CFB1AB450E}
	EndGlobalSection
EndGlobal
